
Microsoft Visual Studio Solution File, Format Version 12.00
# Visual Studio Version 16
VisualStudioVersion = 16.0.31112.23
MinimumVisualStudioVersion = 10.0.40219.1
Project("{FAE04EC0-301F-11D3-BF4B-00C04F79EFBC}") = "curso_netcore_5", "curso_netcore_5\curso_netcore_5.csproj", "{4C8528CF-0770-4D08-974A-4C928E1329F2}"
EndProject
Global
	GlobalSection(SolutionConfigurationPlatforms) = preSolution
		Debug|Any CPU = Debug|Any CPU
		Release|Any CPU = Release|Any CPU
	EndGlobalSection
	GlobalSection(ProjectConfigurationPlatforms) = postSolution
		{4C8528CF-0770-4D08-974A-4C928E1329F2}.Debug|Any CPU.ActiveCfg = Debug|Any CPU
		{4C8528CF-0770-4D08-974A-4C928E1329F2}.Debug|Any CPU.Build.0 = Debug|Any CPU
		{4C8528CF-0770-4D08-974A-4C928E1329F2}.Release|Any CPU.ActiveCfg = Release|Any CPU
		{4C8528CF-0770-4D08-974A-4C928E1329F2}.Release|Any CPU.Build.0 = Release|Any CPU
	EndGlobalSection
	GlobalSection(SolutionProperties) = preSolution
		HideSolutionNode = FALSE
	EndGlobalSection
	GlobalSection(ExtensibilityGlobals) = postSolution
		SolutionGuid = {A4A13DA7-5F75-4920-91F3-22F1EEC25A61}
	EndGlobalSection
EndGlobal
